# THIS IS AN AUTOGENERATED FILE. DO NOT EDIT THIS FILE DIRECTLY.
# yarn lockfile v1


babylonjs@^3.1.0-rc-0:
  version "3.1.0-rc-0"
  resolved "https://registry.yarnpkg.com/babylonjs/-/babylonjs-3.1.0-rc-0.tgz#1854de1d44c0b0bb24b124b80a08b4c685bf5828"
  dependencies:
    cannon "0.6.2"

cannon@0.6.2:
  version "0.6.2"
  resolved "https://registry.yarnpkg.com/cannon/-/cannon-0.6.2.tgz#1e7bc72dd5841982f3c104c2bc578bfa4fb1c572"
